# THIS IS AN AUTOGENERATED FILE. DO NOT EDIT THIS FILE DIRECTLY.
# yarn lockfile v1


effector@^23.3.0:
  version "23.4.1"
  resolved "http://localhost:4873/effector/-/effector-23.4.1.tgz#530b9a562db83fbca8638bf3d9d135aeccc51dea"
  integrity sha512-z+UWtSfJvu/Lyg5EEnX+oIysXP17yfJk1O+r5HDgDMNf1aCmzxPgOofA9DHox/BHN9L9HMzlAtDK+jPd3yBmBA==
